// !$*UTF8*$!
{
	archiveVersion = 1;
	classes = {
	};
	objectVersion = 56;
	objects = {

/* Begin PBXBuildFile section */
		182C78F12B6982BB0064E5EA /* MapleMatchApp.swift in Sources */ = {isa = PBXBuildFile; fileRef = 182C78F02B6982BB0064E5EA /* MapleMatchApp.swift */; };
		182C78F32B6982BB0064E5EA /* ContentView.swift in Sources */ = {isa = PBXBuildFile; fileRef = 182C78F22B6982BB0064E5EA /* ContentView.swift */; };
		182C78F52B6982BC0064E5EA /* Assets.xcassets in Resources */ = {isa = PBXBuildFile; fileRef = 182C78F42B6982BC0064E5EA /* Assets.xcassets */; };
		182C78F82B6982BC0064E5EA /* Preview Assets.xcassets in Resources */ = {isa = PBXBuildFile; fileRef = 182C78F72B6982BC0064E5EA /* Preview Assets.xcassets */; };
		182C79022B6982BC0064E5EA /* MapleMatchTests.swift in Sources */ = {isa = PBXBuildFile; fileRef = 182C79012B6982BC0064E5EA /* MapleMatchTests.swift */; };
		182C790C2B6982BC0064E5EA /* MapleMatchUITests.swift in Sources */ = {isa = PBXBuildFile; fileRef = 182C790B2B6982BC0064E5EA /* MapleMatchUITests.swift */; };
		182C790E2B6982BC0064E5EA /* MapleMatchUITestsLaunchTests.swift in Sources */ = {isa = PBXBuildFile; fileRef = 182C790D2B6982BC0064E5EA /* MapleMatchUITestsLaunchTests.swift */; };
/* End PBXBuildFile section */

/* Begin PBXContainerItemProxy section */
		182C78FE2B6982BC0064E5EA /* PBXContainerItemProxy */ = {
			isa = PBXContainerItemProxy;
			containerPortal = 182C78E52B6982BB0064E5EA /* Project object */;
			proxyType = 1;
			remoteGlobalIDString = 182C78EC2B6982BB0064E5EA;
			remoteInfo = MapleMatch;
		};
		182C79082B6982BC0064E5EA /* PBXContainerItemProxy */ = {
			isa = PBXContainerItemProxy;
			containerPortal = 182C78E52B6982BB0064E5EA /* Project object */;
			proxyType = 1;
			remoteGlobalIDString = 182C78EC2B6982BB0064E5EA;
			remoteInfo = MapleMatch;
		};
/* End PBXContainerItemProxy section */

/* Begin PBXFileReference section */
		182C78ED2B6982BB0064E5EA /* MapleMatch.app */ = {isa = PBXFileReference; explicitFileType = wrapper.application; includeInIndex = 0; path = MapleMatch.app; sourceTree = BUILT_PRODUCTS_DIR; };
		182C78F02B6982BB0064E5EA /* MapleMatchApp.swift */ = {isa = PBXFileReference; lastKnownFileType = sourcecode.swift; path = MapleMatchApp.swift; sourceTree = "<group>"; };
		182C78F22B6982BB0064E5EA /* ContentView.swift */ = {isa = PBXFileReference; lastKnownFileType = sourcecode.swift; path = ContentView.swift; sourceTree = "<group>"; };
		182C78F42B6982BC0064E5EA /* Assets.xcassets */ = {isa = PBXFileReference; lastKnownFileType = folder.assetcatalog; path = Assets.xcassets; sourceTree = "<group>"; };
		182C78F72B6982BC0064E5EA /* Preview Assets.xcassets */ = {isa = PBXFileReference; lastKnownFileType = folder.assetcatalog; path = "Preview Assets.xcassets"; sourceTree = "<group>"; };
		182C78FD2B6982BC0064E5EA /* MapleMatchTests.xctest */ = {isa = PBXFileReference; explicitFileType = wrapper.cfbundle; includeInIndex = 0; path = MapleMatchTests.xctest; sourceTree = BUILT_PRODUCTS_DIR; };
		182C79012B6982BC0064E5EA /* MapleMatchTests.swift */ = {isa = PBXFileReference; lastKnownFileType = sourcecode.swift; path = MapleMatchTests.swift; sourceTree = "<group>"; };
		182C79072B6982BC0064E5EA /* MapleMatchUITests.xctest */ = {isa = PBXFileReference; explicitFileType = wrapper.cfbundle; includeInIndex = 0; path = MapleMatchUITests.xctest; sourceTree = BUILT_PRODUCTS_DIR; };
		182C790B2B6982BC0064E5EA /* MapleMatchUITests.swift */ = {isa = PBXFileReference; lastKnownFileType = sourcecode.swift; path = MapleMatchUITests.swift; sourceTree = "<group>"; };
		182C790D2B6982BC0064E5EA /* MapleMatchUITestsLaunchTests.swift */ = {isa = PBXFileReference; lastKnownFileType = sourcecode.swift; path = MapleMatchUITestsLaunchTests.swift; sourceTree = "<group>"; };
/* End PBXFileReference section */

/* Begin PBXFrameworksBuildPhase section */
		182C78EA2B6982BB0064E5EA /* Frameworks */ = {
			isa = PBXFrameworksBuildPhase;
			buildActionMask = 2147483647;
			files = (
			);
			runOnlyForDeploymentPostprocessing = 0;
		};
		182C78FA2B6982BC0064E5EA /* Frameworks */ = {
			isa = PBXFrameworksBuildPhase;
			buildActionMask = 2147483647;
			files = (
			);
			runOnlyForDeploymentPostprocessing = 0;
		};
		182C79042B6982BC0064E5EA /* Frameworks */ = {
			isa = PBXFrameworksBuildPhase;
			buildActionMask = 2147483647;
			files = (
			);
			runOnlyForDeploymentPostprocessing = 0;
		};
/* End PBXFrameworksBuildPhase section */

/* Begin PBXGroup section */
		182C78E42B6982BB0064E5EA = {
			isa = PBXGroup;
			children = (
				182C78EF2B6982BB0064E5EA /* MapleMatch */,
				182C79002B6982BC0064E5EA /* MapleMatchTests */,
				182C790A2B6982BC0064E5EA /* MapleMatchUITests */,
				182C78EE2B6982BB0064E5EA /* Products */,
			);
			sourceTree = "<group>";
		};
		182C78EE2B6982BB0064E5EA /* Products */ = {
			isa = PBXGroup;
			children = (
				182C78ED2B6982BB0064E5EA /* MapleMatch.app */,
				182C78FD2B6982BC0064E5EA /* MapleMatchTests.xctest */,
				182C79072B6982BC0064E5EA /* MapleMatchUITests.xctest */,
			);
			name = Products;
			sourceTree = "<group>";
		};
		182C78EF2B6982BB0064E5EA /* MapleMatch */ = {
			isa = PBXGroup;
			children = (
				182C78F02B6982BB0064E5EA /* MapleMatchApp.swift */,
				182C78F22B6982BB0064E5EA /* ContentView.swift */,
				182C78F42B6982BC0064E5EA /* Assets.xcassets */,
				182C78F62B6982BC0064E5EA /* Preview Content */,
			);
			path = MapleMatch;
			sourceTree = "<group>";
		};
		182C78F62B6982BC0064E5EA /* Preview Content */ = {
			isa = PBXGroup;
			children = (
				182C78F72B6982BC0064E5EA /* Preview Assets.xcassets */,
			);
			path = "Preview Content";
			sourceTree = "<group>";
		};
		182C79002B6982BC0064E5EA /* MapleMatchTests */ = {
			isa = PBXGroup;
			children = (
				182C79012B6982BC0064E5EA /* MapleMatchTests.swift */,
			);
			path = MapleMatchTests;
			sourceTree = "<group>";
		};
		182C790A2B6982BC0064E5EA /* MapleMatchUITests */ = {
			isa = PBXGroup;
			children = (
				182C790B2B6982BC0064E5EA /* MapleMatchUITests.swift */,
				182C790D2B6982BC0064E5EA /* MapleMatchUITestsLaunchTests.swift */,
			);
			path = MapleMatchUITests;
			sourceTree = "<group>";
		};
/* End PBXGroup section */

/* Begin PBXNativeTarget section */
		182C78EC2B6982BB0064E5EA /* MapleMatch */ = {
			isa = PBXNativeTarget;
			buildConfigurationList = 182C79112B6982BC0064E5EA /* Build configuration list for PBXNativeTarget "MapleMatch" */;
			buildPhases = (
				182C78E92B6982BB0064E5EA /* Sources */,
				182C78EA2B6982BB0064E5EA /* Frameworks */,
				182C78EB2B6982BB0064E5EA /* Resources */,
			);
			buildRules = (
			);
			dependencies = (
			);
			name = MapleMatch;
			productName = MapleMatch;
			productReference = 182C78ED2B6982BB0064E5EA /* MapleMatch.app */;
			productType = "com.apple.product-type.application";
		};
		182C78FC2B6982BC0064E5EA /* MapleMatchTests */ = {
			isa = PBXNativeTarget;
			buildConfigurationList = 182C79142B6982BC0064E5EA /* Build configuration list for PBXNativeTarget "MapleMatchTests" */;
			buildPhases = (
				182C78F92B6982BC0064E5EA /* Sources */,
				182C78FA2B6982BC0064E5EA /* Frameworks */,
				182C78FB2B6982BC0064E5EA /* Resources */,
			);
			buildRules = (
			);
			dependencies = (
				182C78FF2B6982BC0064E5EA /* PBXTargetDependency */,
			);
			name = MapleMatchTests;
			productName = MapleMatchTests;
			productReference = 182C78FD2B6982BC0064E5EA /* MapleMatchTests.xctest */;
			productType = "com.apple.product-type.bundle.unit-test";
		};
		182C79062B6982BC0064E5EA /* MapleMatchUITests */ = {
			isa = PBXNativeTarget;
			buildConfigurationList = 182C79172B6982BC0064E5EA /* Build configuration list for PBXNativeTarget "MapleMatchUITests" */;
			buildPhases = (
				182C79032B6982BC0064E5EA /* Sources */,
				182C79042B6982BC0064E5EA /* Frameworks */,
				182C79052B6982BC0064E5EA /* Resources */,
			);
			buildRules = (
			);
			dependencies = (
				182C79092B6982BC0064E5EA /* PBXTargetDependency */,
			);
			name = MapleMatchUITests;
			productName = MapleMatchUITests;
			productReference = 182C79072B6982BC0064E5EA /* MapleMatchUITests.xctest */;
			productType = "com.apple.product-type.bundle.ui-testing";
		};
/* End PBXNativeTarget section */

/* Begin PBXProject section */
		182C78E52B6982BB0064E5EA /* Project object */ = {
			isa = PBXProject;
			attributes = {
				BuildIndependentTargetsInParallel = 1;
				LastSwiftUpdateCheck = 1510;
				LastUpgradeCheck = 1510;
				TargetAttributes = {
					182C78EC2B6982BB0064E5EA = {
						CreatedOnToolsVersion = 15.1;
					};
					182C78FC2B6982BC0064E5EA = {
						CreatedOnToolsVersion = 15.1;
						TestTargetID = 182C78EC2B6982BB0064E5EA;
					};
					182C79062B6982BC0064E5EA = {
						CreatedOnToolsVersion = 15.1;
						TestTargetID = 182C78EC2B6982BB0064E5EA;
					};
				};
			};
			buildConfigurationList = 182C78E82B6982BB0064E5EA /* Build configuration list for PBXProject "MapleMatch" */;
			compatibilityVersion = "Xcode 14.0";
			developmentRegion = en;
			hasScannedForEncodings = 0;
			knownRegions = (
				en,
				Base,
			);
			mainGroup = 182C78E42B6982BB0064E5EA;
			productRefGroup = 182C78EE2B6982BB0064E5EA /* Products */;
			projectDirPath = "";
			projectRoot = "";
			targets = (
				182C78EC2B6982BB0064E5EA /* MapleMatch */,
				182C78FC2B6982BC0064E5EA /* MapleMatchTests */,
				182C79062B6982BC0064E5EA /* MapleMatchUITests */,
			);
		};
/* End PBXProject section */

/* Begin PBXResourcesBuildPhase section */
		182C78EB2B6982BB0064E5EA /* Resources */ = {
			isa = PBXResourcesBuildPhase;
			buildActionMask = 2147483647;
			files = (
				182C78F82B6982BC0064E5EA /* Preview Assets.xcassets in Resources */,
				182C78F52B6982BC0064E5EA /* Assets.xcassets in Resources */,
			);
			runOnlyForDeploymentPostprocessing = 0;
		};
		182C78FB2B6982BC0064E5EA /* Resources */ = {
			isa = PBXResourcesBuildPhase;
			buildActionMask = 2147483647;
			files = (
			);
			runOnlyForDeploymentPostprocessing = 0;
		};
		182C79052B6982BC0064E5EA /* Resources */ = {
			isa = PBXResourcesBuildPhase;
			buildActionMask = 2147483647;
			files = (
			);
			runOnlyForDeploymentPostprocessing = 0;
		};
/* End PBXResourcesBuildPhase section */

/* Begin PBXSourcesBuildPhase section */
		182C78E92B6982BB0064E5EA /* Sources */ = {
			isa = PBXSourcesBuildPhase;
			buildActionMask = 2147483647;
			files = (
				182C78F32B6982BB0064E5EA /* ContentView.swift in Sources */,
				182C78F12B6982BB0064E5EA /* MapleMatchApp.swift in Sources */,
			);
			runOnlyForDeploymentPostprocessing = 0;
		};
		182C78F92B6982BC0064E5EA /* Sources */ = {
			isa = PBXSourcesBuildPhase;
			buildActionMask = 2147483647;
			files = (
				182C79022B6982BC0064E5EA /* MapleMatchTests.swift in Sources */,
			);
			runOnlyForDeploymentPostprocessing = 0;
		};
		182C79032B6982BC0064E5EA /* Sources */ = {
			isa = PBXSourcesBuildPhase;
			buildActionMask = 2147483647;
			files = (
				182C790E2B6982BC0064E5EA /* MapleMatchUITestsLaunchTests.swift in Sources */,
				182C790C2B6982BC0064E5EA /* MapleMatchUITests.swift in Sources */,
			);
			runOnlyForDeploymentPostprocessing = 0;
		};
/* End PBXSourcesBuildPhase section */

/* Begin PBXTargetDependency section */
		182C78FF2B6982BC0064E5EA /* PBXTargetDependency */ = {
			isa = PBXTargetDependency;
			target = 182C78EC2B6982BB0064E5EA /* MapleMatch */;
			targetProxy = 182C78FE2B6982BC0064E5EA /* PBXContainerItemProxy */;
		};
		182C79092B6982BC0064E5EA /* PBXTargetDependency */ = {
			isa = PBXTargetDependency;
			target = 182C78EC2B6982BB0064E5EA /* MapleMatch */;
			targetProxy = 182C79082B6982BC0064E5EA /* PBXContainerItemProxy */;
		};
/* End PBXTargetDependency section */

/* Begin XCBuildConfiguration section */
		182C790F2B6982BC0064E5EA /* Debug */ = {
			isa = XCBuildConfiguration;
			buildSettings = {
				ALWAYS_SEARCH_USER_PATHS = NO;
				ASSETCATALOG_COMPILER_GENERATE_SWIFT_ASSET_SYMBOL_EXTENSIONS = YES;
				CLANG_ANALYZER_NONNULL = YES;
				CLANG_ANALYZER_NUMBER_OBJECT_CONVERSION = YES_AGGRESSIVE;
				CLANG_CXX_LANGUAGE_STANDARD = "gnu++20";
				CLANG_ENABLE_MODULES = YES;
				CLANG_ENABLE_OBJC_ARC = YES;
				CLANG_ENABLE_OBJC_WEAK = YES;
				CLANG_WARN_BLOCK_CAPTURE_AUTORELEASING = YES;
				CLANG_WARN_BOOL_CONVERSION = YES;
				CLANG_WARN_COMMA = YES;
				CLANG_WARN_CONSTANT_CONVERSION = YES;
				CLANG_WARN_DEPRECATED_OBJC_IMPLEMENTATIONS = YES;
				CLANG_WARN_DIRECT_OBJC_ISA_USAGE = YES_ERROR;
				CLANG_WARN_DOCUMENTATION_COMMENTS = YES;
				CLANG_WARN_EMPTY_BODY = YES;
				CLANG_WARN_ENUM_CONVERSION = YES;
				CLANG_WARN_INFINITE_RECURSION = YES;
				CLANG_WARN_INT_CONVERSION = YES;
				CLANG_WARN_NON_LITERAL_NULL_CONVERSION = YES;
				CLANG_WARN_OBJC_IMPLICIT_RETAIN_SELF = YES;
				CLANG_WARN_OBJC_LITERAL_CONVERSION = YES;
				CLANG_WARN_OBJC_ROOT_CLASS = YES_ERROR;
				CLANG_WARN_QUOTED_INCLUDE_IN_FRAMEWORK_HEADER = YES;
				CLANG_WARN_RANGE_LOOP_ANALYSIS = YES;
				CLANG_WARN_STRICT_PROTOTYPES = YES;
				CLANG_WARN_SUSPICIOUS_MOVE = YES;
				CLANG_WARN_UNGUARDED_AVAILABILITY = YES_AGGRESSIVE;
				CLANG_WARN_UNREACHABLE_CODE = YES;
				CLANG_WARN__DUPLICATE_METHOD_MATCH = YES;
				COPY_PHASE_STRIP = NO;
				DEBUG_INFORMATION_FORMAT = dwarf;
				ENABLE_STRICT_OBJC_MSGSEND = YES;
				ENABLE_TESTABILITY = YES;
				ENABLE_USER_SCRIPT_SANDBOXING = YES;
				GCC_C_LANGUAGE_STANDARD = gnu17;
				GCC_DYNAMIC_NO_PIC = NO;
				GCC_NO_COMMON_BLOCKS = YES;
				GCC_OPTIMIZATION_LEVEL = 0;
				GCC_PREPROCESSOR_DEFINITIONS = (
					"DEBUG=1",
					"$(inherited)",
				);
				GCC_WARN_64_TO_32_BIT_CONVERSION = YES;
				GCC_WARN_ABOUT_RETURN_TYPE = YES_ERROR;
				GCC_WARN_UNDECLARED_SELECTOR = YES;
				GCC_WARN_UNINITIALIZED_AUTOS = YES_AGGRESSIVE;
				GCC_WARN_UNUSED_FUNCTION = YES;
				GCC_WARN_UNUSED_VARIABLE = YES;
				IPHONEOS_DEPLOYMENT_TARGET = 17.2;
				LOCALIZATION_PREFERS_STRING_CATALOGS = YES;
				MTL_ENABLE_DEBUG_INFO = INCLUDE_SOURCE;
				MTL_FAST_MATH = YES;
				ONLY_ACTIVE_ARCH = YES;
				SDKROOT = iphoneos;
				SWIFT_ACTIVE_COMPILATION_CONDITIONS = "DEBUG $(inherited)";
				SWIFT_OPTIMIZATION_LEVEL = "-Onone";
			};
			name = Debug;
		};
		182C79102B6982BC0064E5EA /* Release */ = {
			isa = XCBuildConfiguration;
			buildSettings = {
				ALWAYS_SEARCH_USER_PATHS = NO;
				ASSETCATALOG_COMPILER_GENERATE_SWIFT_ASSET_SYMBOL_EXTENSIONS = YES;
				CLANG_ANALYZER_NONNULL = YES;
				CLANG_ANALYZER_NUMBER_OBJECT_CONVERSION = YES_AGGRESSIVE;
				CLANG_CXX_LANGUAGE_STANDARD = "gnu++20";
				CLANG_ENABLE_MODULES = YES;
				CLANG_ENABLE_OBJC_ARC = YES;
				CLANG_ENABLE_OBJC_WEAK = YES;
				CLANG_WARN_BLOCK_CAPTURE_AUTORELEASING = YES;
				CLANG_WARN_BOOL_CONVERSION = YES;
				CLANG_WARN_COMMA = YES;
				CLANG_WARN_CONSTANT_CONVERSION = YES;
				CLANG_WARN_DEPRECATED_OBJC_IMPLEMENTATIONS = YES;
				CLANG_WARN_DIRECT_OBJC_ISA_USAGE = YES_ERROR;
				CLANG_WARN_DOCUMENTATION_COMMENTS = YES;
				CLANG_WARN_EMPTY_BODY = YES;
				CLANG_WARN_ENUM_CONVERSION = YES;
				CLANG_WARN_INFINITE_RECURSION = YES;
				CLANG_WARN_INT_CONVERSION = YES;
				CLANG_WARN_NON_LITERAL_NULL_CONVERSION = YES;
				CLANG_WARN_OBJC_IMPLICIT_RETAIN_SELF = YES;
				CLANG_WARN_OBJC_LITERAL_CONVERSION = YES;
				CLANG_WARN_OBJC_ROOT_CLASS = YES_ERROR;
				CLANG_WARN_QUOTED_INCLUDE_IN_FRAMEWORK_HEADER = YES;
				CLANG_WARN_RANGE_LOOP_ANALYSIS = YES;
				CLANG_WARN_STRICT_PROTOTYPES = YES;
				CLANG_WARN_SUSPICIOUS_MOVE = YES;
				CLANG_WARN_UNGUARDED_AVAILABILITY = YES_AGGRESSIVE;
				CLANG_WARN_UNREACHABLE_CODE = YES;
				CLANG_WARN__DUPLICATE_METHOD_MATCH = YES;
				COPY_PHASE_STRIP = NO;
				DEBUG_INFORMATION_FORMAT = "dwarf-with-dsym";
				ENABLE_NS_ASSERTIONS = NO;
				ENABLE_STRICT_OBJC_MSGSEND = YES;
				ENABLE_USER_SCRIPT_SANDBOXING = YES;
				GCC_C_LANGUAGE_STANDARD = gnu17;
				GCC_NO_COMMON_BLOCKS = YES;
				GCC_WARN_64_TO_32_BIT_CONVERSION = YES;
				GCC_WARN_ABOUT_RETURN_TYPE = YES_ERROR;
				GCC_WARN_UNDECLARED_SELECTOR = YES;
				GCC_WARN_UNINITIALIZED_AUTOS = YES_AGGRESSIVE;
				GCC_WARN_UNUSED_FUNCTION = YES;
				GCC_WARN_UNUSED_VARIABLE = YES;
				IPHONEOS_DEPLOYMENT_TARGET = 17.2;
				LOCALIZATION_PREFERS_STRING_CATALOGS = YES;
				MTL_ENABLE_DEBUG_INFO = NO;
				MTL_FAST_MATH = YES;
				SDKROOT = iphoneos;
				SWIFT_COMPILATION_MODE = wholemodule;
				VALIDATE_PRODUCT = YES;
			};
			name = Release;
		};
		182C79122B6982BC0064E5EA /* Debug */ = {
			isa = XCBuildConfiguration;
			buildSettings = {
				ASSETCATALOG_COMPILER_APPICON_NAME = AppIcon;
				ASSETCATALOG_COMPILER_GLOBAL_ACCENT_COLOR_NAME = AccentColor;
				CODE_SIGN_STYLE = Automatic;
				CURRENT_PROJECT_VERSION = 1;
				DEVELOPMENT_ASSET_PATHS = "\"MapleMatch/Preview Content\"";
				DEVELOPMENT_TEAM = NRVD524KNA;
				ENABLE_PREVIEWS = YES;
				GENERATE_INFOPLIST_FILE = YES;
				INFOPLIST_KEY_UIApplicationSceneManifest_Generation = YES;
				INFOPLIST_KEY_UIApplicationSupportsIndirectInputEvents = YES;
				INFOPLIST_KEY_UILaunchScreen_Generation = YES;
				INFOPLIST_KEY_UISupportedInterfaceOrientations_iPad = "UIInterfaceOrientationPortrait UIInterfaceOrientationPortraitUpsideDown UIInterfaceOrientationLandscapeLeft UIInterfaceOrientationLandscapeRight";
				INFOPLIST_KEY_UISupportedInterfaceOrientations_iPhone = "UIInterfaceOrientationPortrait UIInterfaceOrientationLandscapeLeft UIInterfaceOrientationLandscapeRight";
				LD_RUNPATH_SEARCH_PATHS = (
					"$(inherited)",
					"@executable_path/Frameworks",
				);
				MARKETING_VERSION = 1.0;
				PRODUCT_BUNDLE_IDENTIFIER = xyd.MapleMatch;
				PRODUCT_NAME = "$(TARGET_NAME)";
				SWIFT_EMIT_LOC_STRINGS = YES;
				SWIFT_VERSION = 5.0;
				TARGETED_DEVICE_FAMILY = "1,2";
			};
			name = Debug;
		};
		182C79132B6982BC0064E5EA /* Release */ = {
			isa = XCBuildConfiguration;
			buildSettings = {
				ASSETCATALOG_COMPILER_APPICON_NAME = AppIcon;
				ASSETCATALOG_COMPILER_GLOBAL_ACCENT_COLOR_NAME = AccentColor;
				CODE_SIGN_STYLE = Automatic;
				CURRENT_PROJECT_VERSION = 1;
				DEVELOPMENT_ASSET_PATHS = "\"MapleMatch/Preview Content\"";
				DEVELOPMENT_TEAM = NRVD524KNA;
				ENABLE_PREVIEWS = YES;
				GENERATE_INFOPLIST_FILE = YES;
				INFOPLIST_KEY_UIApplicationSceneManifest_Generation = YES;
				INFOPLIST_KEY_UIApplicationSupportsIndirectInputEvents = YES;
				INFOPLIST_KEY_UILaunchScreen_Generation = YES;
				INFOPLIST_KEY_UISupportedInterfaceOrientations_iPad = "UIInterfaceOrientationPortrait UIInterfaceOrientationPortraitUpsideDown UIInterfaceOrientationLandscapeLeft UIInterfaceOrientationLandscapeRight";
				INFOPLIST_KEY_UISupportedInterfaceOrientations_iPhone = "UIInterfaceOrientationPortrait UIInterfaceOrientationLandscapeLeft UIInterfaceOrientationLandscapeRight";
				LD_RUNPATH_SEARCH_PATHS = (
					"$(inherited)",
					"@executable_path/Frameworks",
				);
				MARKETING_VERSION = 1.0;
				PRODUCT_BUNDLE_IDENTIFIER = xyd.MapleMatch;
				PRODUCT_NAME = "$(TARGET_NAME)";
				SWIFT_EMIT_LOC_STRINGS = YES;
				SWIFT_VERSION = 5.0;
				TARGETED_DEVICE_FAMILY = "1,2";
			};
			name = Release;
		};
		182C79152B6982BC0064E5EA /* Debug */ = {
			isa = XCBuildConfiguration;
			buildSettings = {
				ALWAYS_EMBED_SWIFT_STANDARD_LIBRARIES = YES;
				BUNDLE_LOADER = "$(TEST_HOST)";
				CODE_SIGN_STYLE = Automatic;
				CURRENT_PROJECT_VERSION = 1;
				DEVELOPMENT_TEAM = NRVD524KNA;
				GENERATE_INFOPLIST_FILE = YES;
				IPHONEOS_DEPLOYMENT_TARGET = 17.2;
				MARKETING_VERSION = 1.0;
				PRODUCT_BUNDLE_IDENTIFIER = xyd.MapleMatchTests;
				PRODUCT_NAME = "$(TARGET_NAME)";
				SWIFT_EMIT_LOC_STRINGS = NO;
				SWIFT_VERSION = 5.0;
				TARGETED_DEVICE_FAMILY = "1,2";
				TEST_HOST = "$(BUILT_PRODUCTS_DIR)/MapleMatch.app/$(BUNDLE_EXECUTABLE_FOLDER_PATH)/MapleMatch";
			};
			name = Debug;
		};
		182C79162B6982BC0064E5EA /* Release */ = {
			isa = XCBuildConfiguration;
			buildSettings = {
				ALWAYS_EMBED_SWIFT_STANDARD_LIBRARIES = YES;
				BUNDLE_LOADER = "$(TEST_HOST)";
				CODE_SIGN_STYLE = Automatic;
				CURRENT_PROJECT_VERSION = 1;
				DEVELOPMENT_TEAM = NRVD524KNA;
				GENERATE_INFOPLIST_FILE = YES;
				IPHONEOS_DEPLOYMENT_TARGET = 17.2;
				MARKETING_VERSION = 1.0;
				PRODUCT_BUNDLE_IDENTIFIER = xyd.MapleMatchTests;
				PRODUCT_NAME = "$(TARGET_NAME)";
				SWIFT_EMIT_LOC_STRINGS = NO;
				SWIFT_VERSION = 5.0;
				TARGETED_DEVICE_FAMILY = "1,2";
				TEST_HOST = "$(BUILT_PRODUCTS_DIR)/MapleMatch.app/$(BUNDLE_EXECUTABLE_FOLDER_PATH)/MapleMatch";
			};
			name = Release;
		};
		182C79182B6982BC0064E5EA /* Debug */ = {
			isa = XCBuildConfiguration;
			buildSettings = {
				ALWAYS_EMBED_SWIFT_STANDARD_LIBRARIES = YES;
				CODE_SIGN_STYLE = Automatic;
				CURRENT_PROJECT_VERSION = 1;
				DEVELOPMENT_TEAM = NRVD524KNA;
				GENERATE_INFOPLIST_FILE = YES;
				MARKETING_VERSION = 1.0;
				PRODUCT_BUNDLE_IDENTIFIER = xyd.MapleMatchUITests;
				PRODUCT_NAME = "$(TARGET_NAME)";
				SWIFT_EMIT_LOC_STRINGS = NO;
				SWIFT_VERSION = 5.0;
				TARGETED_DEVICE_FAMILY = "1,2";
				TEST_TARGET_NAME = MapleMatch;
			};
			name = Debug;
		};
		182C79192B6982BC0064E5EA /* Release */ = {
			isa = XCBuildConfiguration;
			buildSettings = {
				ALWAYS_EMBED_SWIFT_STANDARD_LIBRARIES = YES;
				CODE_SIGN_STYLE = Automatic;
				CURRENT_PROJECT_VERSION = 1;
				DEVELOPMENT_TEAM = NRVD524KNA;
				GENERATE_INFOPLIST_FILE = YES;
				MARKETING_VERSION = 1.0;
				PRODUCT_BUNDLE_IDENTIFIER = xyd.MapleMatchUITests;
				PRODUCT_NAME = "$(TARGET_NAME)";
				SWIFT_EMIT_LOC_STRINGS = NO;
				SWIFT_VERSION = 5.0;
				TARGETED_DEVICE_FAMILY = "1,2";
				TEST_TARGET_NAME = MapleMatch;
			};
			name = Release;
		};
/* End XCBuildConfiguration section */

/* Begin XCConfigurationList section */
		182C78E82B6982BB0064E5EA /* Build configuration list for PBXProject "MapleMatch" */ = {
			isa = XCConfigurationList;
			buildConfigurations = (
				182C790F2B6982BC0064E5EA /* Debug */,
				182C79102B6982BC0064E5EA /* Release */,
			);
			defaultConfigurationIsVisible = 0;
			defaultConfigurationName = Release;
		};
		182C79112B6982BC0064E5EA /* Build configuration list for PBXNativeTarget "MapleMatch" */ = {
			isa = XCConfigurationList;
			buildConfigurations = (
				182C79122B6982BC0064E5EA /* Debug */,
				182C79132B6982BC0064E5EA /* Release */,
			);
			defaultConfigurationIsVisible = 0;
			defaultConfigurationName = Release;
		};
		182C79142B6982BC0064E5EA /* Build configuration list for PBXNativeTarget "MapleMatchTests" */ = {
			isa = XCConfigurationList;
			buildConfigurations = (
				182C79152B6982BC0064E5EA /* Debug */,
				182C79162B6982BC0064E5EA /* Release */,
			);
			defaultConfigurationIsVisible = 0;
			defaultConfigurationName = Release;
		};
		182C79172B6982BC0064E5EA /* Build configuration list for PBXNativeTarget "MapleMatchUITests" */ = {
			isa = XCConfigurationList;
			buildConfigurations = (
				182C79182B6982BC0064E5EA /* Debug */,
				182C79192B6982BC0064E5EA /* Release */,
			);
			defaultConfigurationIsVisible = 0;
			defaultConfigurationName = Release;
		};
/* End XCConfigurationList section */
	};
	rootObject = 182C78E52B6982BB0064E5EA /* Project object */;
}
